<Solution>
  <Folder Name="/src/">
    <Project Path="src/NuGet.TestServer.Cli/NuGet.TestServer.Cli.csproj" />
    <Project Path="src/NuGet.TestServer.Extensions.Sdk/NuGet.TestServer.Extensions.Sdk.csproj" />
    <Project Path="src/NuGet.TestServer.Extensions.TestKit/NuGet.TestServer.Extensions.TestKit.csproj" />
    <Project Path="src/NuGet.TestServer.Extensions.Official/NuGet.TestServer.Extensions.Official.csproj" />
    <Project Path="src/NuGet.TestServer.Extensions.PackageStaging/NuGet.TestServer.Extensions.PackageStaging.csproj" />
    <Project Path="src/NuGet.TestServer.Kernel/NuGet.TestServer.Kernel.csproj" />
    <Project Path="src/NuGet.TestServer/NuGet.TestServer.csproj" />
  </Folder>
  <Folder Name="/tests/">
    <Project Path="tests/NuGet.TestServer.FunctionalTests/NuGet.TestServer.FunctionalTests.csproj" />
    <Project Path="tests/NuGet.TestServer.RouteFixture/NuGet.TestServer.RouteFixture.csproj" />
    <Project Path="tests/NuGet.TestServer.Extensions.Sdk.Tests/NuGet.TestServer.Extensions.Sdk.Tests.csproj" />
    <Project Path="tests/NuGet.TestServer.SdkFixture/NuGet.TestServer.SdkFixture.csproj" />
    <Project Path="tests/NuGet.TestServer.ExternalExtensionTestKit/NuGet.TestServer.ExternalExtensionTestKit.csproj" />
    <Project Path="tests/NuGet.TestServer.ForbiddenReferenceFixture/NuGet.TestServer.ForbiddenReferenceFixture.csproj" />
    <Project Path="tests/NuGet.TestServer.UnitTests/NuGet.TestServer.UnitTests.csproj" />
  </Folder>
</Solution>
